
Microsoft Visual Studio Solution File, Format Version 12.00
# Visual Studio Version 17
VisualStudioVersion = 17.7.34031.279
MinimumVisualStudioVersion = 10.0.40219.1
Project("{9A19103F-16F7-4668-BE54-9A1E7A4F7556}") = "ClimeiMvc", "ClimeiMvc.csproj", "{92178F21-433D-4027-8C6B-34E151B56EE8}"
EndProject
Global
	GlobalSection(SolutionConfigurationPlatforms) = preSolution
		Debug|Any CPU = Debug|Any CPU
		Release|Any CPU = Release|Any CPU
	EndGlobalSection
	GlobalSection(ProjectConfigurationPlatforms) = postSolution
		{92178F21-433D-4027-8C6B-34E151B56EE8}.Debug|Any CPU.ActiveCfg = Debug|Any CPU
		{92178F21-433D-4027-8C6B-34E151B56EE8}.Debug|Any CPU.Build.0 = Debug|Any CPU
		{92178F21-433D-4027-8C6B-34E151B56EE8}.Release|Any CPU.ActiveCfg = Release|Any CPU
		{92178F21-433D-4027-8C6B-34E151B56EE8}.Release|Any CPU.Build.0 = Release|Any CPU
	EndGlobalSection
	GlobalSection(SolutionProperties) = preSolution
		HideSolutionNode = FALSE
	EndGlobalSection
	GlobalSection(ExtensibilityGlobals) = postSolution
		SolutionGuid = {6265DA31-F804-458A-90CC-CE86D8B18E9B}
	EndGlobalSection
EndGlobal
